// !$*UTF8*$!
{
	archiveVersion = 1;
	classes = {
	};
	objectVersion = 55;
	objects = {

/* Begin PBXBuildFile section */
		8B3B7E1E28300C6000592C12 /* ShopViewModel.swift in Sources */ = {isa = PBXBuildFile; fileRef = 8B3B7E1D28300C6000592C12 /* ShopViewModel.swift */; };
		8B3B7E212830679A00592C12 /* TableViewCell.swift in Sources */ = {isa = PBXBuildFile; fileRef = 8B3B7E1F2830679A00592C12 /* TableViewCell.swift */; };
		8B3B7E222830679B00592C12 /* TableViewCell.xib in Resources */ = {isa = PBXBuildFile; fileRef = 8B3B7E202830679A00592C12 /* TableViewCell.xib */; };
		8B3B7E2428311C7F00592C12 /* CartViewController.swift in Sources */ = {isa = PBXBuildFile; fileRef = 8B3B7E2328311C7F00592C12 /* CartViewController.swift */; };
		8B523ED7282D62500017DB32 /* AppDelegate.swift in Sources */ = {isa = PBXBuildFile; fileRef = 8B523ED6282D62500017DB32 /* AppDelegate.swift */; };
		8B523ED9282D62500017DB32 /* SceneDelegate.swift in Sources */ = {isa = PBXBuildFile; fileRef = 8B523ED8282D62500017DB32 /* SceneDelegate.swift */; };
		8B523EDB282D62500017DB32 /* ViewController.swift in Sources */ = {isa = PBXBuildFile; fileRef = 8B523EDA282D62500017DB32 /* ViewController.swift */; };
		8B523EDE282D62500017DB32 /* Main.storyboard in Resources */ = {isa = PBXBuildFile; fileRef = 8B523EDC282D62500017DB32 /* Main.storyboard */; };
		8B523EE0282D62500017DB32 /* Assets.xcassets in Resources */ = {isa = PBXBuildFile; fileRef = 8B523EDF282D62500017DB32 /* Assets.xcassets */; };
		8B523EE3282D62500017DB32 /* LaunchScreen.storyboard in Resources */ = {isa = PBXBuildFile; fileRef = 8B523EE1282D62500017DB32 /* LaunchScreen.storyboard */; };
		8B523EF0282D79BD0017DB32 /* WebService.swift in Sources */ = {isa = PBXBuildFile; fileRef = 8B523EEF282D79BD0017DB32 /* WebService.swift */; };
		8B523EF2282D89130017DB32 /* Model.swift in Sources */ = {isa = PBXBuildFile; fileRef = 8B523EF1282D89130017DB32 /* Model.swift */; };
/* End PBXBuildFile section */

/* Begin PBXFileReference section */
		8B3B7E1D28300C6000592C12 /* ShopViewModel.swift */ = {isa = PBXFileReference; lastKnownFileType = sourcecode.swift; path = ShopViewModel.swift; sourceTree = "<group>"; };
		8B3B7E1F2830679A00592C12 /* TableViewCell.swift */ = {isa = PBXFileReference; lastKnownFileType = sourcecode.swift; path = TableViewCell.swift; sourceTree = "<group>"; };
		8B3B7E202830679A00592C12 /* TableViewCell.xib */ = {isa = PBXFileReference; lastKnownFileType = file.xib; path = TableViewCell.xib; sourceTree = "<group>"; };
		8B3B7E2328311C7F00592C12 /* CartViewController.swift */ = {isa = PBXFileReference; lastKnownFileType = sourcecode.swift; path = CartViewController.swift; sourceTree = "<group>"; };
		8B523ED3282D62500017DB32 /* shopAppSB.app */ = {isa = PBXFileReference; explicitFileType = wrapper.application; includeInIndex = 0; path = shopAppSB.app; sourceTree = BUILT_PRODUCTS_DIR; };
		8B523ED6282D62500017DB32 /* AppDelegate.swift */ = {isa = PBXFileReference; lastKnownFileType = sourcecode.swift; path = AppDelegate.swift; sourceTree = "<group>"; };
		8B523ED8282D62500017DB32 /* SceneDelegate.swift */ = {isa = PBXFileReference; lastKnownFileType = sourcecode.swift; path = SceneDelegate.swift; sourceTree = "<group>"; };
		8B523EDA282D62500017DB32 /* ViewController.swift */ = {isa = PBXFileReference; lastKnownFileType = sourcecode.swift; path = ViewController.swift; sourceTree = "<group>"; };
		8B523EDD282D62500017DB32 /* Base */ = {isa = PBXFileReference; lastKnownFileType = file.storyboard; name = Base; path = Base.lproj/Main.storyboard; sourceTree = "<group>"; };
		8B523EDF282D62500017DB32 /* Assets.xcassets */ = {isa = PBXFileReference; lastKnownFileType = folder.assetcatalog; path = Assets.xcassets; sourceTree = "<group>"; };
		8B523EE2282D62500017DB32 /* Base */ = {isa = PBXFileReference; lastKnownFileType = file.storyboard; name = Base; path = Base.lproj/LaunchScreen.storyboard; sourceTree = "<group>"; };
		8B523EE4282D62500017DB32 /* Info.plist */ = {isa = PBXFileReference; lastKnownFileType = text.plist.xml; path = Info.plist; sourceTree = "<group>"; };
		8B523EEF282D79BD0017DB32 /* WebService.swift */ = {isa = PBXFileReference; lastKnownFileType = sourcecode.swift; path = WebService.swift; sourceTree = "<group>"; };
		8B523EF1282D89130017DB32 /* Model.swift */ = {isa = PBXFileReference; lastKnownFileType = sourcecode.swift; path = Model.swift; sourceTree = "<group>"; };
/* End PBXFileReference section */

/* Begin PBXFrameworksBuildPhase section */
		8B523ED0282D62500017DB32 /* Frameworks */ = {
			isa = PBXFrameworksBuildPhase;
			buildActionMask = 2147483647;
			files = (
			);
			runOnlyForDeploymentPostprocessing = 0;
		};
/* End PBXFrameworksBuildPhase section */

/* Begin PBXGroup section */
		8B523ECA282D62500017DB32 = {
			isa = PBXGroup;
			children = (
				8B523ED5282D62500017DB32 /* shopAppSB */,
				8B523ED4282D62500017DB32 /* Products */,
			);
			sourceTree = "<group>";
		};
		8B523ED4282D62500017DB32 /* Products */ = {
			isa = PBXGroup;
			children = (
				8B523ED3282D62500017DB32 /* shopAppSB.app */,
			);
			name = Products;
			sourceTree = "<group>";
		};
		8B523ED5282D62500017DB32 /* shopAppSB */ = {
			isa = PBXGroup;
			children = (
				8B523EED282D65370017DB32 /* Models */,
				8B523EEC282D652F0017DB32 /* Views */,
				8B523EEA282D650E0017DB32 /* Controllers */,
				8B523EE4282D62500017DB32 /* Info.plist */,
				8B523EEE282D65400017DB32 /* SupportFiles */,
				8B523EEF282D79BD0017DB32 /* WebService.swift */,
			);
			path = shopAppSB;
			sourceTree = "<group>";
		};
		8B523EEA282D650E0017DB32 /* Controllers */ = {
			isa = PBXGroup;
			children = (
				8B523EDA282D62500017DB32 /* ViewController.swift */,
				8B3B7E2328311C7F00592C12 /* CartViewController.swift */,
			);
			path = Controllers;
			sourceTree = "<group>";
		};
		8B523EEC282D652F0017DB32 /* Views */ = {
			isa = PBXGroup;
			children = (
				8B523EDC282D62500017DB32 /* Main.storyboard */,
				8B3B7E1F2830679A00592C12 /* TableViewCell.swift */,
				8B3B7E202830679A00592C12 /* TableViewCell.xib */,
			);
			path = Views;
			sourceTree = "<group>";
		};
		8B523EED282D65370017DB32 /* Models */ = {
			isa = PBXGroup;
			children = (
				8B523EF1282D89130017DB32 /* Model.swift */,
				8B3B7E1D28300C6000592C12 /* ShopViewModel.swift */,
			);
			path = Models;
			sourceTree = "<group>";
		};
		8B523EEE282D65400017DB32 /* SupportFiles */ = {
			isa = PBXGroup;
			children = (
				8B523ED6282D62500017DB32 /* AppDelegate.swift */,
				8B523ED8282D62500017DB32 /* SceneDelegate.swift */,
				8B523EDF282D62500017DB32 /* Assets.xcassets */,
				8B523EE1282D62500017DB32 /* LaunchScreen.storyboard */,
			);
			path = SupportFiles;
			sourceTree = "<group>";
		};
/* End PBXGroup section */

/* Begin PBXNativeTarget section */
		8B523ED2282D62500017DB32 /* shopAppSB */ = {
			isa = PBXNativeTarget;
			buildConfigurationList = 8B523EE7282D62500017DB32 /* Build configuration list for PBXNativeTarget "shopAppSB" */;
			buildPhases = (
				8B523ECF282D62500017DB32 /* Sources */,
				8B523ED0282D62500017DB32 /* Frameworks */,
				8B523ED1282D62500017DB32 /* Resources */,
			);
			buildRules = (
			);
			dependencies = (
			);
			name = shopAppSB;
			productName = shopAppSB;
			productReference = 8B523ED3282D62500017DB32 /* shopAppSB.app */;
			productType = "com.apple.product-type.application";
		};
/* End PBXNativeTarget section */

/* Begin PBXProject section */
		8B523ECB282D62500017DB32 /* Project object */ = {
			isa = PBXProject;
			attributes = {
				BuildIndependentTargetsInParallel = 1;
				LastSwiftUpdateCheck = 1330;
				LastUpgradeCheck = 1330;
				TargetAttributes = {
					8B523ED2282D62500017DB32 = {
						CreatedOnToolsVersion = 13.3.1;
					};
				};
			};
			buildConfigurationList = 8B523ECE282D62500017DB32 /* Build configuration list for PBXProject "shopAppSB" */;
			compatibilityVersion = "Xcode 13.0";
			developmentRegion = en;
			hasScannedForEncodings = 0;
			knownRegions = (
				en,
				Base,
			);
			mainGroup = 8B523ECA282D62500017DB32;
			productRefGroup = 8B523ED4282D62500017DB32 /* Products */;
			projectDirPath = "";
			projectRoot = "";
			targets = (
				8B523ED2282D62500017DB32 /* shopAppSB */,
			);
		};
/* End PBXProject section */

/* Begin PBXResourcesBuildPhase section */
		8B523ED1282D62500017DB32 /* Resources */ = {
			isa = PBXResourcesBuildPhase;
			buildActionMask = 2147483647;
			files = (
				8B523EE3282D62500017DB32 /* LaunchScreen.storyboard in Resources */,
				8B3B7E222830679B00592C12 /* TableViewCell.xib in Resources */,
				8B523EE0282D62500017DB32 /* Assets.xcassets in Resources */,
				8B523EDE282D62500017DB32 /* Main.storyboard in Resources */,
			);
			runOnlyForDeploymentPostprocessing = 0;
		};
/* End PBXResourcesBuildPhase section */

/* Begin PBXSourcesBuildPhase section */
		8B523ECF282D62500017DB32 /* Sources */ = {
			isa = PBXSourcesBuildPhase;
			buildActionMask = 2147483647;
			files = (
				8B523EF2282D89130017DB32 /* Model.swift in Sources */,
				8B523EDB282D62500017DB32 /* ViewController.swift in Sources */,
				8B523EF0282D79BD0017DB32 /* WebService.swift in Sources */,
				8B523ED7282D62500017DB32 /* AppDelegate.swift in Sources */,
				8B3B7E2428311C7F00592C12 /* CartViewController.swift in Sources */,
				8B523ED9282D62500017DB32 /* SceneDelegate.swift in Sources */,
				8B3B7E212830679A00592C12 /* TableViewCell.swift in Sources */,
				8B3B7E1E28300C6000592C12 /* ShopViewModel.swift in Sources */,
			);
			runOnlyForDeploymentPostprocessing = 0;
		};
/* End PBXSourcesBuildPhase section */

/* Begin PBXVariantGroup section */
		8B523EDC282D62500017DB32 /* Main.storyboard */ = {
			isa = PBXVariantGroup;
			children = (
				8B523EDD282D62500017DB32 /* Base */,
			);
			name = Main.storyboard;
			sourceTree = "<group>";
		};
		8B523EE1282D62500017DB32 /* LaunchScreen.storyboard */ = {
			isa = PBXVariantGroup;
			children = (
				8B523EE2282D62500017DB32 /* Base */,
			);
			name = LaunchScreen.storyboard;
			sourceTree = "<group>";
		};
/* End PBXVariantGroup section */

/* Begin XCBuildConfiguration section */
		8B523EE5282D62500017DB32 /* Debug */ = {
			isa = XCBuildConfiguration;
			buildSettings = {
				ALWAYS_SEARCH_USER_PATHS = NO;
				CLANG_ANALYZER_NONNULL = YES;
				CLANG_ANALYZER_NUMBER_OBJECT_CONVERSION = YES_AGGRESSIVE;
				CLANG_CXX_LANGUAGE_STANDARD = "gnu++17";
				CLANG_ENABLE_MODULES = YES;
				CLANG_ENABLE_OBJC_ARC = YES;
				CLANG_ENABLE_OBJC_WEAK = YES;
				CLANG_WARN_BLOCK_CAPTURE_AUTORELEASING = YES;
				CLANG_WARN_BOOL_CONVERSION = YES;
				CLANG_WARN_COMMA = YES;
				CLANG_WARN_CONSTANT_CONVERSION = YES;
				CLANG_WARN_DEPRECATED_OBJC_IMPLEMENTATIONS = YES;
				CLANG_WARN_DIRECT_OBJC_ISA_USAGE = YES_ERROR;
				CLANG_WARN_DOCUMENTATION_COMMENTS = YES;
				CLANG_WARN_EMPTY_BODY = YES;
				CLANG_WARN_ENUM_CONVERSION = YES;
				CLANG_WARN_INFINITE_RECURSION = YES;
				CLANG_WARN_INT_CONVERSION = YES;
				CLANG_WARN_NON_LITERAL_NULL_CONVERSION = YES;
				CLANG_WARN_OBJC_IMPLICIT_RETAIN_SELF = YES;
				CLANG_WARN_OBJC_LITERAL_CONVERSION = YES;
				CLANG_WARN_OBJC_ROOT_CLASS = YES_ERROR;
				CLANG_WARN_QUOTED_INCLUDE_IN_FRAMEWORK_HEADER = YES;
				CLANG_WARN_RANGE_LOOP_ANALYSIS = YES;
				CLANG_WARN_STRICT_PROTOTYPES = YES;
				CLANG_WARN_SUSPICIOUS_MOVE = YES;
				CLANG_WARN_UNGUARDED_AVAILABILITY = YES_AGGRESSIVE;
				CLANG_WARN_UNREACHABLE_CODE = YES;
				CLANG_WARN__DUPLICATE_METHOD_MATCH = YES;
				COPY_PHASE_STRIP = NO;
				DEBUG_INFORMATION_FORMAT = dwarf;
				ENABLE_STRICT_OBJC_MSGSEND = YES;
				ENABLE_TESTABILITY = YES;
				GCC_C_LANGUAGE_STANDARD = gnu11;
				GCC_DYNAMIC_NO_PIC = NO;
				GCC_NO_COMMON_BLOCKS = YES;
				GCC_OPTIMIZATION_LEVEL = 0;
				GCC_PREPROCESSOR_DEFINITIONS = (
					"DEBUG=1",
					"$(inherited)",
				);
				GCC_WARN_64_TO_32_BIT_CONVERSION = YES;
				GCC_WARN_ABOUT_RETURN_TYPE = YES_ERROR;
				GCC_WARN_UNDECLARED_SELECTOR = YES;
				GCC_WARN_UNINITIALIZED_AUTOS = YES_AGGRESSIVE;
				GCC_WARN_UNUSED_FUNCTION = YES;
				GCC_WARN_UNUSED_VARIABLE = YES;
				IPHONEOS_DEPLOYMENT_TARGET = 15.4;
				MTL_ENABLE_DEBUG_INFO = INCLUDE_SOURCE;
				MTL_FAST_MATH = YES;
				ONLY_ACTIVE_ARCH = YES;
				SDKROOT = iphoneos;
				SWIFT_ACTIVE_COMPILATION_CONDITIONS = DEBUG;
				SWIFT_OPTIMIZATION_LEVEL = "-Onone";
			};
			name = Debug;
		};
		8B523EE6282D62500017DB32 /* Release */ = {
			isa = XCBuildConfiguration;
			buildSettings = {
				ALWAYS_SEARCH_USER_PATHS = NO;
				CLANG_ANALYZER_NONNULL = YES;
				CLANG_ANALYZER_NUMBER_OBJECT_CONVERSION = YES_AGGRESSIVE;
				CLANG_CXX_LANGUAGE_STANDARD = "gnu++17";
				CLANG_ENABLE_MODULES = YES;
				CLANG_ENABLE_OBJC_ARC = YES;
				CLANG_ENABLE_OBJC_WEAK = YES;
				CLANG_WARN_BLOCK_CAPTURE_AUTORELEASING = YES;
				CLANG_WARN_BOOL_CONVERSION = YES;
				CLANG_WARN_COMMA = YES;
				CLANG_WARN_CONSTANT_CONVERSION = YES;
				CLANG_WARN_DEPRECATED_OBJC_IMPLEMENTATIONS = YES;
				CLANG_WARN_DIRECT_OBJC_ISA_USAGE = YES_ERROR;
				CLANG_WARN_DOCUMENTATION_COMMENTS = YES;
				CLANG_WARN_EMPTY_BODY = YES;
				CLANG_WARN_ENUM_CONVERSION = YES;
				CLANG_WARN_INFINITE_RECURSION = YES;
				CLANG_WARN_INT_CONVERSION = YES;
				CLANG_WARN_NON_LITERAL_NULL_CONVERSION = YES;
				CLANG_WARN_OBJC_IMPLICIT_RETAIN_SELF = YES;
				CLANG_WARN_OBJC_LITERAL_CONVERSION = YES;
				CLANG_WARN_OBJC_ROOT_CLASS = YES_ERROR;
				CLANG_WARN_QUOTED_INCLUDE_IN_FRAMEWORK_HEADER = YES;
				CLANG_WARN_RANGE_LOOP_ANALYSIS = YES;
				CLANG_WARN_STRICT_PROTOTYPES = YES;
				CLANG_WARN_SUSPICIOUS_MOVE = YES;
				CLANG_WARN_UNGUARDED_AVAILABILITY = YES_AGGRESSIVE;
				CLANG_WARN_UNREACHABLE_CODE = YES;
				CLANG_WARN__DUPLICATE_METHOD_MATCH = YES;
				COPY_PHASE_STRIP = NO;
				DEBUG_INFORMATION_FORMAT = "dwarf-with-dsym";
				ENABLE_NS_ASSERTIONS = NO;
				ENABLE_STRICT_OBJC_MSGSEND = YES;
				GCC_C_LANGUAGE_STANDARD = gnu11;
				GCC_NO_COMMON_BLOCKS = YES;
				GCC_WARN_64_TO_32_BIT_CONVERSION = YES;
				GCC_WARN_ABOUT_RETURN_TYPE = YES_ERROR;
				GCC_WARN_UNDECLARED_SELECTOR = YES;
				GCC_WARN_UNINITIALIZED_AUTOS = YES_AGGRESSIVE;
				GCC_WARN_UNUSED_FUNCTION = YES;
				GCC_WARN_UNUSED_VARIABLE = YES;
				IPHONEOS_DEPLOYMENT_TARGET = 15.4;
				MTL_ENABLE_DEBUG_INFO = NO;
				MTL_FAST_MATH = YES;
				SDKROOT = iphoneos;
				SWIFT_COMPILATION_MODE = wholemodule;
				SWIFT_OPTIMIZATION_LEVEL = "-O";
				VALIDATE_PRODUCT = YES;
			};
			name = Release;
		};
		8B523EE8282D62500017DB32 /* Debug */ = {
			isa = XCBuildConfiguration;
			buildSettings = {
				ASSETCATALOG_COMPILER_APPICON_NAME = AppIcon;
				ASSETCATALOG_COMPILER_GLOBAL_ACCENT_COLOR_NAME = AccentColor;
				CODE_SIGN_STYLE = Automatic;
				CURRENT_PROJECT_VERSION = 1;
				GENERATE_INFOPLIST_FILE = YES;
				INFOPLIST_FILE = shopAppSB/Info.plist;
				INFOPLIST_KEY_UIApplicationSupportsIndirectInputEvents = YES;
				INFOPLIST_KEY_UILaunchStoryboardName = LaunchScreen;
				INFOPLIST_KEY_UIMainStoryboardFile = Main;
				INFOPLIST_KEY_UISupportedInterfaceOrientations_iPad = "UIInterfaceOrientationPortrait UIInterfaceOrientationPortraitUpsideDown UIInterfaceOrientationLandscapeLeft UIInterfaceOrientationLandscapeRight";
				INFOPLIST_KEY_UISupportedInterfaceOrientations_iPhone = "UIInterfaceOrientationPortrait UIInterfaceOrientationLandscapeLeft UIInterfaceOrientationLandscapeRight";
				LD_RUNPATH_SEARCH_PATHS = (
					"$(inherited)",
					"@executable_path/Frameworks",
				);
				MARKETING_VERSION = 1.0;
				PRODUCT_BUNDLE_IDENTIFIER = com.rave.shopAppSB;
				PRODUCT_NAME = "$(TARGET_NAME)";
				SWIFT_EMIT_LOC_STRINGS = YES;
				SWIFT_VERSION = 5.0;
				TARGETED_DEVICE_FAMILY = "1,2";
			};
			name = Debug;
		};
		8B523EE9282D62500017DB32 /* Release */ = {
			isa = XCBuildConfiguration;
			buildSettings = {
				ASSETCATALOG_COMPILER_APPICON_NAME = AppIcon;
				ASSETCATALOG_COMPILER_GLOBAL_ACCENT_COLOR_NAME = AccentColor;
				CODE_SIGN_STYLE = Automatic;
				CURRENT_PROJECT_VERSION = 1;
				GENERATE_INFOPLIST_FILE = YES;
				INFOPLIST_FILE = shopAppSB/Info.plist;
				INFOPLIST_KEY_UIApplicationSupportsIndirectInputEvents = YES;
				INFOPLIST_KEY_UILaunchStoryboardName = LaunchScreen;
				INFOPLIST_KEY_UIMainStoryboardFile = Main;
				INFOPLIST_KEY_UISupportedInterfaceOrientations_iPad = "UIInterfaceOrientationPortrait UIInterfaceOrientationPortraitUpsideDown UIInterfaceOrientationLandscapeLeft UIInterfaceOrientationLandscapeRight";
				INFOPLIST_KEY_UISupportedInterfaceOrientations_iPhone = "UIInterfaceOrientationPortrait UIInterfaceOrientationLandscapeLeft UIInterfaceOrientationLandscapeRight";
				LD_RUNPATH_SEARCH_PATHS = (
					"$(inherited)",
					"@executable_path/Frameworks",
				);
				MARKETING_VERSION = 1.0;
				PRODUCT_BUNDLE_IDENTIFIER = com.rave.shopAppSB;
				PRODUCT_NAME = "$(TARGET_NAME)";
				SWIFT_EMIT_LOC_STRINGS = YES;
				SWIFT_VERSION = 5.0;
				TARGETED_DEVICE_FAMILY = "1,2";
			};
			name = Release;
		};
/* End XCBuildConfiguration section */

/* Begin XCConfigurationList section */
		8B523ECE282D62500017DB32 /* Build configuration list for PBXProject "shopAppSB" */ = {
			isa = XCConfigurationList;
			buildConfigurations = (
				8B523EE5282D62500017DB32 /* Debug */,
				8B523EE6282D62500017DB32 /* Release */,
			);
			defaultConfigurationIsVisible = 0;
			defaultConfigurationName = Release;
		};
		8B523EE7282D62500017DB32 /* Build configuration list for PBXNativeTarget "shopAppSB" */ = {
			isa = XCConfigurationList;
			buildConfigurations = (
				8B523EE8282D62500017DB32 /* Debug */,
				8B523EE9282D62500017DB32 /* Release */,
			);
			defaultConfigurationIsVisible = 0;
			defaultConfigurationName = Release;
		};
/* End XCConfigurationList section */
	};
	rootObject = 8B523ECB282D62500017DB32 /* Project object */;
}
